{
  "version": 4,
  "terraform_version": "1.10.4",
  "serial": 320,
  "lineage": "2166cc68-72f0-3028-d747-1ca758134f00",
  "outputs": {
    "bastion_fips": {
      "value": [
        "10.220.49.106"
      ],
      "type": [
        "list",
        "string"
      ]
    },
    "floating_network_id": {
      "value": "d3e17b8a-80d3-4375-9148-615a50240005",
      "type": "string"
    },
    "k8s_master_fips": {
      "value": [
        "10.220.49.104",
        "10.220.49.104"
      ],
      "type": [
        "list",
        "string"
      ]
    },
    "node_fips": {
      "value": [],
      "type": [
        "tuple",
        []
      ]
    },
    "private_subnet_id": {
      "value": "988a9919-4976-4217-b285-91a0f8620a10",
      "type": "string"
    },
    "router_id": {
      "value": " af772293-eaea-4bf8-9c5b-5dd9cc9cf56d ",
      "type": "string"
    }
  },
  "resources": [
    {
      "module": "module.compute",
      "mode": "data",
      "type": "cloudinit_config",
      "name": "cloudinit",
      "provider": "provider[\"registry.terraform.io/hashicorp/cloudinit\"]",
      "instances": [
        {
          "schema_version": 0,
          "attributes": {
            "base64_encode": true,
            "boundary": "MIMEBOUNDARY",
            "gzip": true,
            "id": "2764691876",
            "part": [
              {
                "content": "# yamllint disable rule:comments\n#cloud-config\n## in some cases novnc console access is required\n## it requires ssh password to be set\nssh_pwauth: yes\nchpasswd:\n  list: |\n    root:daz3502\n  expire: False\n## in some cases direct root ssh access via ssh key is required\ndisable_root: false\n\n## in some cases additional CA certs are required\n#ca-certs:\n#  trusted: |\n#      -----BEGIN CERTIFICATE-----\n",
                "content_type": "text/cloud-config",
                "filename": null,
                "merge_type": null
              }
            ],
            "rendered": "H4sIAAAAAAAA/2RRTW8TMRC9W8p/eOqeTQsIIRlxaMMW5ZAiVQGJU+XYk2aE1148s20W8eNRrIKCMrc3evM+7GXJSlntZh7JYZiS8uirXg58oPgB2zLl6Ov88WK9Wvc3X77efbq+/35hjsh+oypcssPrV1cLszDWnpIW5p929Vl2VG2fQ4mcHx3eb1lPCM1c6aCXIZUp2lDyjh8XZs0Dndl0mP2QEmdFZPHbRKhTIhfKMFBWMd2piOk6cIaUgRC8kCCXpxwQSpaSCD4EEgELKv2cuFJsF/oXCkT2GL3Ic6kRWrAlCKkR2T+Mz37SvcNMYsK+kaIzQGJRh98GAGop6qL/9fbd1RsD0GHkSg63Pgmdh4tcKWg7asYv8Z7YN/iD5v+ivjzAQzPBrmmei/oYWblkn7C8RqCqAl/ppHHwtq2d6QCtkyjFY4EObexxbvrPqzss+/vN6na1vN70bXv279YuzJ8AAAD//7LBBgpWAgAA"
          },
          "sensitive_attributes": []
        }
      ]
    },
    {
      "module": "module.compute",
      "mode": "data",
      "type": "openstack_images_image_v2",
      "name": "image_master",
      "provider": "provider[\"registry.terraform.io/terraform-provider-openstack/openstack\"]",
      "instances": [
        {
          "index_key": 0,
          "schema_version": 0,
          "attributes": {
            "checksum": "711241900b115201a09bbb786d40068d",
            "container_format": "bare",
            "created_at": "2025-04-16T09:08:09Z",
            "disk_format": "qcow2",
            "file": "/v2/images/6b8eeef8-d3f7-46ba-9cd5-c4dfad01bd6b/file",
            "hidden": false,
            "id": "6b8eeef8-d3f7-46ba-9cd5-c4dfad01bd6b",
            "member_status": null,
            "metadata": {},
            "min_disk_gb": 0,
            "min_ram_mb": 0,
            "most_recent": false,
            "name": "ubuntu2204-dsy",
            "name_regex": null,
            "owner": "00cb6e1c365c44278563e45446958f73",
            "properties": {
              "hw_qemu_guest_agent": "yes",
              "os_admin_user": "root",
              "os_distro": "ubuntu",
              "os_hash_algo": "sha512",
              "os_hash_value": "211350e0ef5b533d0e8a558c9c1d97836ca804ca5b614b838a7356c2466475820b6a0d24a19e5048c167280d291d163aa6ea1013a05aaca219d887dc7882454a",
              "os_version": "ubuntu2204",
              "stores": "rbd",
              "usage_type": "common"
            },
            "protected": false,
            "region": "RegionOne",
            "schema": "/v2/schemas/image",
            "size_bytes": 654508032,
            "size_max": null,
            "size_min": null,
            "sort_direction": "asc",
            "sort_key": "name",
            "tag": null,
            "tags": [],
            "updated_at": "2025-04-16T09:42:17Z",
            "visibility": "public"
          },
          "sensitive_attributes": []
        }
      ]
    },
    {
      "module": "module.compute",
      "mode": "data",
      "type": "openstack_images_image_v2",
      "name": "vm_image",
      "provider": "provider[\"registry.terraform.io/terraform-provider-openstack/openstack\"]",
      "instances": [
        {
          "index_key": 0,
          "schema_version": 0,
          "attributes": {
            "checksum": "711241900b115201a09bbb786d40068d",
            "container_format": "bare",
            "created_at": "2025-04-16T09:08:09Z",
            "disk_format": "qcow2",
            "file": "/v2/images/6b8eeef8-d3f7-46ba-9cd5-c4dfad01bd6b/file",
            "hidden": false,
            "id": "6b8eeef8-d3f7-46ba-9cd5-c4dfad01bd6b",
            "member_status": null,
            "metadata": {},
            "min_disk_gb": 0,
            "min_ram_mb": 0,
            "most_recent": true,
            "name": "ubuntu2204-dsy",
            "name_regex": null,
            "owner": "00cb6e1c365c44278563e45446958f73",
            "properties": {
              "hw_qemu_guest_agent": "yes",
              "os_admin_user": "root",
              "os_distro": "ubuntu",
              "os_hash_algo": "sha512",
              "os_hash_value": "211350e0ef5b533d0e8a558c9c1d97836ca804ca5b614b838a7356c2466475820b6a0d24a19e5048c167280d291d163aa6ea1013a05aaca219d887dc7882454a",
              "os_version": "ubuntu2204",
              "stores": "rbd",
              "usage_type": "common"
            },
            "protected": false,
            "region": "RegionOne",
            "schema": "/v2/schemas/image",
            "size_bytes": 654508032,
            "size_max": null,
            "size_min": null,
            "sort_direction": "asc",
            "sort_key": "name",
            "tag": null,
            "tags": [],
            "updated_at": "2025-04-16T09:42:17Z",
            "visibility": "public"
          },
          "sensitive_attributes": []
        }
      ]
    },
    {
      "module": "module.compute",
      "mode": "managed",
      "type": "openstack_compute_flavor_v2",
      "name": "k8s_control",
      "provider": "provider[\"registry.terraform.io/terraform-provider-openstack/openstack\"]",
      "instances": [
        {
          "schema_version": 0,
          "attributes": {
            "description": "",
            "disk": 100,
            "ephemeral": 0,
            "extra_specs": {},
            "flavor_id": "088545f6-c40d-4849-bbe6-332eb04c35f7",
            "id": "088545f6-c40d-4849-bbe6-332eb04c35f7",
            "is_public": true,
            "name": "k8s_control_plan",
            "ram": 8096,
            "region": "RegionOne",
            "rx_tx_factor": 1,
            "swap": 0,
            "vcpus": 4
          },
          "sensitive_attributes": [],
          "private": "bnVsbA==",
          "dependencies": [
            "module.network.data.openstack_networking_router_v2.cluster",
            "module.network.openstack_networking_network_v2.cluster",
            "module.network.openstack_networking_router_interface_v2.cluster",
            "module.network.openstack_networking_router_v2.cluster",
            "module.network.openstack_networking_subnet_v2.bussiness",
            "module.network.openstack_networking_subnet_v2.cluster"
          ]
        }
      ]
    },
    {
      "module": "module.compute",
      "mode": "managed",
      "type": "openstack_compute_instance_v2",
      "name": "k8s-master",
      "provider": "provider[\"registry.terraform.io/terraform-provider-openstack/openstack\"]",
      "instances": [
        {
          "index_key": 0,
          "schema_version": 0,
          "attributes": {
            "access_ip_v4": "10.0.0.237",
            "access_ip_v6": "",
            "admin_pass": null,
            "all_metadata": {
              "depends_on": " af772293-eaea-4bf8-9c5b-5dd9cc9cf56d ",
              "kubespray_groups": "etcd,kube_control_plane,,cluster",
              "ssh_user": "root",
              "use_access_ip": "1"
            },
            "all_tags": [],
            "availability_zone": "nova",
            "availability_zone_hints": null,
            "block_device": [],
            "config_drive": null,
            "created": "2025-04-25 11:31:57 +0000 UTC",
            "flavor_id": "088545f6-c40d-4849-bbe6-332eb04c35f7",
            "flavor_name": "k8s_control_plan",
            "floating_ip": null,
            "force_delete": false,
            "id": "c722c1f9-e023-4959-907b-8d9986d14a93",
            "image_id": "6b8eeef8-d3f7-46ba-9cd5-c4dfad01bd6b",
            "image_name": "ubuntu2204-dsy",
            "key_pair": "dsy7",
            "metadata": {
              "depends_on": " af772293-eaea-4bf8-9c5b-5dd9cc9cf56d ",
              "kubespray_groups": "etcd,kube_control_plane,,cluster",
              "ssh_user": "root",
              "use_access_ip": "1"
            },
            "name": "dsy7-k8s-master-1",
            "network": [
              {
                "access_network": false,
                "fixed_ip_v4": "10.0.0.237",
                "fixed_ip_v6": "",
                "floating_ip": "",
                "mac": "fa:16:3e:df:ea:5a",
                "name": "dsy7",
                "port": "9564b203-253c-4600-9591-d0e5beac7bae",
                "uuid": "6f03ab04-eb5a-4295-b940-f1bc00864a98"
              }
            ],
            "network_mode": null,
            "personality": [],
            "power_state": "active",
            "region": "RegionOne",
            "scheduler_hints": [],
            "security_groups": [
              "dsy7"
            ],
            "stop_before_destroy": false,
            "tags": null,
            "timeouts": null,
            "updated": "2025-04-25 11:32:05 +0000 UTC",
            "user_data": "aa76c33e6402a45002f1f2c258699d951b187a12",
            "vendor_options": [],
            "volume": []
          },
          "sensitive_attributes": [
            [
              {
                "type": "get_attr",
                "value": "admin_pass"
              }
            ]
          ],
          "private": "eyJlMmJmYjczMC1lY2FhLTExZTYtOGY4OC0zNDM2M2JjN2M0YzAiOnsiY3JlYXRlIjoxODAwMDAwMDAwMDAwLCJkZWxldGUiOjE4MDAwMDAwMDAwMDAsInVwZGF0ZSI6MTgwMDAwMDAwMDAwMH19",
          "dependencies": [
            "module.compute.data.cloudinit_config.cloudinit",
            "module.compute.data.openstack_images_image_v2.image_master",
            "module.compute.data.openstack_networking_network_v2.admin_network",
            "module.compute.openstack_compute_flavor_v2.k8s_control",
            "module.compute.openstack_compute_keypair_v2.key_pair",
            "module.compute.openstack_networking_port_v2.admin_master_port",
            "module.compute.openstack_networking_secgroup_v2.secgroup",
            "module.ips.null_resource.dummy_dependency",
            "module.ips.openstack_networking_floatingip_v2.bastion",
            "module.ips.openstack_networking_floatingip_v2.k8s_master",
            "module.network.data.openstack_networking_router_v2.cluster",
            "module.network.openstack_networking_network_v2.cluster",
            "module.network.openstack_networking_router_interface_v2.cluster",
            "module.network.openstack_networking_router_v2.cluster",
            "module.network.openstack_networking_subnet_v2.bussiness",
            "module.network.openstack_networking_subnet_v2.cluster"
          ]
        }
      ]
    },
    {
      "module": "module.compute",
      "mode": "managed",
      "type": "openstack_compute_instance_v2",
      "name": "nodes",
      "provider": "provider[\"registry.terraform.io/terraform-provider-openstack/openstack\"]",
      "instances": [
        {
          "index_key": "node-1",
          "schema_version": 0,
          "attributes": {
            "access_ip_v4": "10.0.0.191",
            "access_ip_v6": "",
            "admin_pass": null,
            "all_metadata": {
              "depends_on": " af772293-eaea-4bf8-9c5b-5dd9cc9cf56d ",
              "kubespray_groups": "kube_node,cluster,no_floating,",
              "password": "daz3502",
              "ssh_user": "root",
              "use_access_ip": "1"
            },
            "all_tags": [],
            "availability_zone": "nova",
            "availability_zone_hints": null,
            "block_device": [],
            "config_drive": null,
            "created": "2025-04-25 11:31:56 +0000 UTC",
            "flavor_id": "a0ee8641-fcb0-486e-9251-db9a4cf81225",
            "flavor_name": "4c-8g-10g",
            "floating_ip": null,
            "force_delete": false,
            "id": "4b1c65b5-9460-4b7d-a5b9-ab6443f27049",
            "image_id": "6b8eeef8-d3f7-46ba-9cd5-c4dfad01bd6b",
            "image_name": "ubuntu2204-dsy",
            "key_pair": "dsy7",
            "metadata": {
              "depends_on": " af772293-eaea-4bf8-9c5b-5dd9cc9cf56d ",
              "kubespray_groups": "kube_node,cluster,no_floating,",
              "password": "daz3502",
              "ssh_user": "root",
              "use_access_ip": "1"
            },
            "name": "dsy7-k8s-node-1",
            "network": [
              {
                "access_network": false,
                "fixed_ip_v4": "10.0.0.191",
                "fixed_ip_v6": "",
                "floating_ip": "",
                "mac": "fa:16:3e:a1:07:3f",
                "name": "dsy7",
                "port": "4d07a916-f15f-44bc-a933-394cd998e14f",
                "uuid": "6f03ab04-eb5a-4295-b940-f1bc00864a98"
              }
            ],
            "network_mode": null,
            "personality": [],
            "power_state": "active",
            "region": "RegionOne",
            "scheduler_hints": [],
            "security_groups": [
              "dsy7"
            ],
            "stop_before_destroy": false,
            "tags": null,
            "timeouts": null,
            "updated": "2025-04-25 11:32:06 +0000 UTC",
            "user_data": "aa76c33e6402a45002f1f2c258699d951b187a12",
            "vendor_options": [],
            "volume": []
          },
          "sensitive_attributes": [
            [
              {
                "type": "get_attr",
                "value": "admin_pass"
              }
            ]
          ],
          "private": "eyJlMmJmYjczMC1lY2FhLTExZTYtOGY4OC0zNDM2M2JjN2M0YzAiOnsiY3JlYXRlIjoxODAwMDAwMDAwMDAwLCJkZWxldGUiOjE4MDAwMDAwMDAwMDAsInVwZGF0ZSI6MTgwMDAwMDAwMDAwMH19",
          "dependencies": [
            "module.compute.data.cloudinit_config.cloudinit",
            "module.compute.data.openstack_images_image_v2.vm_image",
            "module.compute.data.openstack_networking_network_v2.admin_network",
            "module.compute.data.openstack_networking_network_v2.bus_network",
            "module.compute.openstack_compute_keypair_v2.key_pair",
            "module.compute.openstack_networking_port_v2.nodes_port",
            "module.compute.openstack_networking_secgroup_v2.secgroup",
            "module.ips.null_resource.dummy_dependency",
            "module.ips.openstack_networking_floatingip_v2.k8s_master",
            "module.network.data.openstack_networking_router_v2.cluster",
            "module.network.openstack_networking_network_v2.cluster",
            "module.network.openstack_networking_router_interface_v2.cluster",
            "module.network.openstack_networking_router_v2.cluster",
            "module.network.openstack_networking_subnet_v2.bussiness",
            "module.network.openstack_networking_subnet_v2.cluster"
          ]
        }
      ]
    },
    {
      "module": "module.compute",
      "mode": "managed",
      "type": "openstack_compute_keypair_v2",
      "name": "key_pair",
      "provider": "provider[\"registry.terraform.io/terraform-provider-openstack/openstack\"]",
      "instances": [
        {
          "schema_version": 0,
          "attributes": {
            "fingerprint": "5e:d9:ee:c7:09:49:09:68:99:e7:03:ab:0e:64:fa:b4",
            "id": "dsy7",
            "name": "dsy7",
            "private_key": "",
            "public_key": "ssh-rsa AAAAB3NzaC1yc2EAAAADAQABAAABgQCtWgJjOVlA0DKScRpc0nBZmQLQAEBprFcMutH0YnaMVpAar3/EKktNhbcm3KU7kIqlQ0WxC2p9YeceQBnVGItNysH95z400tE8arrnS8fhplj0Bil4NR5MIYGQbu8bSA1osHkeZ532gUj022TXtm/v4tGJyBkD7NaHm0RdKusqgtHvMlTeiJ7oOMvyEUDEhJt3ftHOIU61EJVQlOlwSAXI/lr/dp2ghg+QdyP5TRb5TmBU+HX67HPAWdmXh1FMuTR6upCJ7pxakFJ6wSKI4kHGFSpW1dLW7n/V3jNPyY459uHE17EW3EBxH8+anNhskta5DTUfvC5cJCkv+Hfs5coj318r1LSR2IALuAOZp44bFUidumuFAdwKFJjN0zSahjoYXQ6kdk+HIhbiqieg6+nNb1hchD33Wm8M3Gpg0tQiknm+8mKuWT7KvSEXivXoA94SetcRXrVZLF8l2kGqo5LgoHcIagI6lUWtmKLPX/vS2namwxk7lXgO+oJ+86BoVc0= root@cluster-api",
            "region": "RegionOne",
            "user_id": "",
            "value_specs": null
          },
          "sensitive_attributes": [
            [
              {
                "type": "get_attr",
                "value": "private_key"
              }
            ]
          ],
          "private": "bnVsbA==",
          "dependencies": [
            "module.network.data.openstack_networking_router_v2.cluster",
            "module.network.openstack_networking_network_v2.cluster",
            "module.network.openstack_networking_router_interface_v2.cluster",
            "module.network.openstack_networking_router_v2.cluster",
            "module.network.openstack_networking_subnet_v2.bussiness",
            "module.network.openstack_networking_subnet_v2.cluster"
          ]
        }
      ]
    },
    {
      "module": "module.compute",
      "mode": "managed",
      "type": "openstack_networking_floatingip_associate_v2",
      "name": "master",
      "provider": "provider[\"registry.terraform.io/terraform-provider-openstack/openstack\"]",
      "instances": [
        {
          "index_key": 0,
          "schema_version": 0,
          "attributes": {
            "fixed_ip": "10.0.0.237",
            "floating_ip": "10.220.49.104",
            "id": "3b421139-fd34-4974-ad9a-20e17bd50e17",
            "port_id": "9564b203-253c-4600-9591-d0e5beac7bae",
            "region": "RegionOne"
          },
          "sensitive_attributes": [],
          "private": "bnVsbA==",
          "dependencies": [
            "module.compute.data.openstack_networking_network_v2.admin_network",
            "module.compute.openstack_networking_port_v2.admin_master_port",
            "module.ips.null_resource.dummy_dependency",
            "module.ips.openstack_networking_floatingip_v2.k8s_master",
            "module.network.data.openstack_networking_router_v2.cluster",
            "module.network.openstack_networking_network_v2.cluster",
            "module.network.openstack_networking_router_interface_v2.cluster",
            "module.network.openstack_networking_router_v2.cluster",
            "module.network.openstack_networking_subnet_v2.bussiness",
            "module.network.openstack_networking_subnet_v2.cluster"
          ]
        }
      ]
    },
    {
      "module": "module.compute",
      "mode": "managed",
      "type": "openstack_networking_port_v2",
      "name": "admin_master_port",
      "provider": "provider[\"registry.terraform.io/terraform-provider-openstack/openstack\"]",
      "instances": [
        {
          "index_key": 0,
          "schema_version": 0,
          "attributes": {
            "admin_state_up": true,
            "all_fixed_ips": [
              "10.0.0.237"
            ],
            "all_security_group_ids": [
              "9cf6d1ec-ae57-49d2-8761-0b952d02fd26"
            ],
            "all_tags": [],
            "allowed_address_pairs": [],
            "binding": [
              {
                "host_id": "",
                "profile": "{}",
                "vif_details": {},
                "vif_type": "unbound",
                "vnic_type": "normal"
              }
            ],
            "description": "",
            "device_id": "",
            "device_owner": "",
            "dns_assignment": [
              {
                "fqdn": "host-10-0-0-237.openstacklocal.",
                "hostname": "host-10-0-0-237",
                "ip_address": "10.0.0.237"
              }
            ],
            "dns_name": "",
            "extra_dhcp_option": [],
            "fixed_ip": [
              {
                "ip_address": "",
                "subnet_id": "988a9919-4976-4217-b285-91a0f8620a10"
              }
            ],
            "id": "9564b203-253c-4600-9591-d0e5beac7bae",
            "mac_address": "fa:16:3e:df:ea:5a",
            "name": "dsy7-master-admin-1",
            "network_id": "6f03ab04-eb5a-4295-b940-f1bc00864a98",
            "no_fixed_ip": null,
            "no_security_groups": null,
            "port_security_enabled": true,
            "qos_policy_id": "",
            "region": "RegionOne",
            "security_group_ids": null,
            "tags": null,
            "tenant_id": "00cb6e1c365c44278563e45446958f73",
            "timeouts": null,
            "value_specs": null
          },
          "sensitive_attributes": [],
          "private": "eyJlMmJmYjczMC1lY2FhLTExZTYtOGY4OC0zNDM2M2JjN2M0YzAiOnsiY3JlYXRlIjo2MDAwMDAwMDAwMDAsImRlbGV0ZSI6NjAwMDAwMDAwMDAwfX0=",
          "dependencies": [
            "module.compute.data.openstack_networking_network_v2.admin_network",
            "module.network.data.openstack_networking_router_v2.cluster",
            "module.network.openstack_networking_network_v2.cluster",
            "module.network.openstack_networking_router_interface_v2.cluster",
            "module.network.openstack_networking_router_v2.cluster",
            "module.network.openstack_networking_subnet_v2.bussiness",
            "module.network.openstack_networking_subnet_v2.cluster"
          ]
        }
      ]
    },
    {
      "module": "module.compute",
      "mode": "managed",
      "type": "openstack_networking_port_v2",
      "name": "nodes_port",
      "provider": "provider[\"registry.terraform.io/terraform-provider-openstack/openstack\"]",
      "instances": [
        {
          "index_key": "node-1",
          "schema_version": 0,
          "attributes": {
            "admin_state_up": true,
            "all_fixed_ips": [
              "10.0.0.191"
            ],
            "all_security_group_ids": [
              "9cf6d1ec-ae57-49d2-8761-0b952d02fd26"
            ],
            "all_tags": [],
            "allowed_address_pairs": [],
            "binding": [
              {
                "host_id": "",
                "profile": "{}",
                "vif_details": {},
                "vif_type": "unbound",
                "vnic_type": "normal"
              }
            ],
            "description": "",
            "device_id": "",
            "device_owner": "",
            "dns_assignment": [
              {
                "fqdn": "host-10-0-0-191.openstacklocal.",
                "hostname": "host-10-0-0-191",
                "ip_address": "10.0.0.191"
              }
            ],
            "dns_name": "",
            "extra_dhcp_option": [],
            "fixed_ip": [
              {
                "ip_address": "",
                "subnet_id": "988a9919-4976-4217-b285-91a0f8620a10"
              }
            ],
            "id": "4d07a916-f15f-44bc-a933-394cd998e14f",
            "mac_address": "fa:16:3e:a1:07:3f",
            "name": "dsy7-node-node-1",
            "network_id": "6f03ab04-eb5a-4295-b940-f1bc00864a98",
            "no_fixed_ip": null,
            "no_security_groups": null,
            "port_security_enabled": true,
            "qos_policy_id": "",
            "region": "RegionOne",
            "security_group_ids": null,
            "tags": null,
            "tenant_id": "00cb6e1c365c44278563e45446958f73",
            "timeouts": null,
            "value_specs": null
          },
          "sensitive_attributes": [],
          "private": "eyJlMmJmYjczMC1lY2FhLTExZTYtOGY4OC0zNDM2M2JjN2M0YzAiOnsiY3JlYXRlIjo2MDAwMDAwMDAwMDAsImRlbGV0ZSI6NjAwMDAwMDAwMDAwfX0=",
          "dependencies": [
            "module.compute.data.openstack_images_image_v2.vm_image",
            "module.compute.data.openstack_networking_network_v2.admin_network",
            "module.compute.data.openstack_networking_network_v2.bus_network",
            "module.compute.openstack_compute_keypair_v2.key_pair",
            "module.network.data.openstack_networking_router_v2.cluster",
            "module.network.openstack_networking_network_v2.cluster",
            "module.network.openstack_networking_router_interface_v2.cluster",
            "module.network.openstack_networking_router_v2.cluster",
            "module.network.openstack_networking_subnet_v2.bussiness",
            "module.network.openstack_networking_subnet_v2.cluster"
          ]
        }
      ]
    },
    {
      "module": "module.compute",
      "mode": "managed",
      "type": "openstack_networking_secgroup_rule_v2",
      "name": "allow_all_egress",
      "provider": "provider[\"registry.terraform.io/terraform-provider-openstack/openstack\"]",
      "instances": [
        {
          "schema_version": 0,
          "attributes": {
            "description": "",
            "direction": "egress",
            "ethertype": "IPv4",
            "id": "3d78f591-f9be-4818-b8e7-e703c6ff8401",
            "port_range_max": 0,
            "port_range_min": 0,
            "protocol": "tcp",
            "region": "RegionOne",
            "remote_group_id": "",
            "remote_ip_prefix": "0.0.0.0/0",
            "security_group_id": "596f2661-5bee-4637-b708-beca41b56f71",
            "tenant_id": "00cb6e1c365c44278563e45446958f73",
            "timeouts": null
          },
          "sensitive_attributes": [],
          "private": "eyJlMmJmYjczMC1lY2FhLTExZTYtOGY4OC0zNDM2M2JjN2M0YzAiOnsiZGVsZXRlIjo2MDAwMDAwMDAwMDB9fQ==",
          "dependencies": [
            "module.compute.openstack_networking_secgroup_v2.secgroup",
            "module.network.data.openstack_networking_router_v2.cluster",
            "module.network.openstack_networking_network_v2.cluster",
            "module.network.openstack_networking_router_interface_v2.cluster",
            "module.network.openstack_networking_router_v2.cluster",
            "module.network.openstack_networking_subnet_v2.bussiness",
            "module.network.openstack_networking_subnet_v2.cluster"
          ]
        }
      ]
    },
    {
      "module": "module.compute",
      "mode": "managed",
      "type": "openstack_networking_secgroup_rule_v2",
      "name": "allow_all_egress_icmp",
      "provider": "provider[\"registry.terraform.io/terraform-provider-openstack/openstack\"]",
      "instances": [
        {
          "schema_version": 0,
          "attributes": {
            "description": "",
            "direction": "egress",
            "ethertype": "IPv4",
            "id": "f0f30ee1-d76e-4668-94b2-cfa0ce31978d",
            "port_range_max": 0,
            "port_range_min": 0,
            "protocol": "icmp",
            "region": "RegionOne",
            "remote_group_id": "",
            "remote_ip_prefix": "0.0.0.0/0",
            "security_group_id": "596f2661-5bee-4637-b708-beca41b56f71",
            "tenant_id": "00cb6e1c365c44278563e45446958f73",
            "timeouts": null
          },
          "sensitive_attributes": [],
          "private": "eyJlMmJmYjczMC1lY2FhLTExZTYtOGY4OC0zNDM2M2JjN2M0YzAiOnsiZGVsZXRlIjo2MDAwMDAwMDAwMDB9fQ==",
          "dependencies": [
            "module.compute.openstack_networking_secgroup_v2.secgroup",
            "module.network.data.openstack_networking_router_v2.cluster",
            "module.network.openstack_networking_network_v2.cluster",
            "module.network.openstack_networking_router_interface_v2.cluster",
            "module.network.openstack_networking_router_v2.cluster",
            "module.network.openstack_networking_subnet_v2.bussiness",
            "module.network.openstack_networking_subnet_v2.cluster"
          ]
        }
      ]
    },
    {
      "module": "module.compute",
      "mode": "managed",
      "type": "openstack_networking_secgroup_rule_v2",
      "name": "allow_all_egress_udp",
      "provider": "provider[\"registry.terraform.io/terraform-provider-openstack/openstack\"]",
      "instances": [
        {
          "schema_version": 0,
          "attributes": {
            "description": "",
            "direction": "egress",
            "ethertype": "IPv4",
            "id": "1a79b100-9ed4-4af8-84fc-cb235989ef2f",
            "port_range_max": 0,
            "port_range_min": 0,
            "protocol": "udp",
            "region": "RegionOne",
            "remote_group_id": "",
            "remote_ip_prefix": "0.0.0.0/0",
            "security_group_id": "596f2661-5bee-4637-b708-beca41b56f71",
            "tenant_id": "00cb6e1c365c44278563e45446958f73",
            "timeouts": null
          },
          "sensitive_attributes": [],
          "private": "eyJlMmJmYjczMC1lY2FhLTExZTYtOGY4OC0zNDM2M2JjN2M0YzAiOnsiZGVsZXRlIjo2MDAwMDAwMDAwMDB9fQ==",
          "dependencies": [
            "module.compute.openstack_networking_secgroup_v2.secgroup",
            "module.network.data.openstack_networking_router_v2.cluster",
            "module.network.openstack_networking_network_v2.cluster",
            "module.network.openstack_networking_router_interface_v2.cluster",
            "module.network.openstack_networking_router_v2.cluster",
            "module.network.openstack_networking_subnet_v2.bussiness",
            "module.network.openstack_networking_subnet_v2.cluster"
          ]
        }
      ]
    },
    {
      "module": "module.compute",
      "mode": "managed",
      "type": "openstack_networking_secgroup_rule_v2",
      "name": "allow_all_ingress",
      "provider": "provider[\"registry.terraform.io/terraform-provider-openstack/openstack\"]",
      "instances": [
        {
          "schema_version": 0,
          "attributes": {
            "description": "",
            "direction": "ingress",
            "ethertype": "IPv4",
            "id": "200d5d30-30ac-4e9e-b86e-0a1c433b9d29",
            "port_range_max": 0,
            "port_range_min": 0,
            "protocol": "tcp",
            "region": "RegionOne",
            "remote_group_id": "",
            "remote_ip_prefix": "0.0.0.0/0",
            "security_group_id": "596f2661-5bee-4637-b708-beca41b56f71",
            "tenant_id": "00cb6e1c365c44278563e45446958f73",
            "timeouts": null
          },
          "sensitive_attributes": [],
          "private": "eyJlMmJmYjczMC1lY2FhLTExZTYtOGY4OC0zNDM2M2JjN2M0YzAiOnsiZGVsZXRlIjo2MDAwMDAwMDAwMDB9fQ==",
          "dependencies": [
            "module.compute.openstack_networking_secgroup_v2.secgroup",
            "module.network.data.openstack_networking_router_v2.cluster",
            "module.network.openstack_networking_network_v2.cluster",
            "module.network.openstack_networking_router_interface_v2.cluster",
            "module.network.openstack_networking_router_v2.cluster",
            "module.network.openstack_networking_subnet_v2.bussiness",
            "module.network.openstack_networking_subnet_v2.cluster"
          ]
        }
      ]
    },
    {
      "module": "module.compute",
      "mode": "managed",
      "type": "openstack_networking_secgroup_rule_v2",
      "name": "allow_all_ingress_icmp",
      "provider": "provider[\"registry.terraform.io/terraform-provider-openstack/openstack\"]",
      "instances": [
        {
          "schema_version": 0,
          "attributes": {
            "description": "",
            "direction": "ingress",
            "ethertype": "IPv4",
            "id": "48f29f3f-cc38-473f-ad1d-823e8b3a46f0",
            "port_range_max": 0,
            "port_range_min": 0,
            "protocol": "icmp",
            "region": "RegionOne",
            "remote_group_id": "",
            "remote_ip_prefix": "0.0.0.0/0",
            "security_group_id": "596f2661-5bee-4637-b708-beca41b56f71",
            "tenant_id": "00cb6e1c365c44278563e45446958f73",
            "timeouts": null
          },
          "sensitive_attributes": [],
          "private": "eyJlMmJmYjczMC1lY2FhLTExZTYtOGY4OC0zNDM2M2JjN2M0YzAiOnsiZGVsZXRlIjo2MDAwMDAwMDAwMDB9fQ==",
          "dependencies": [
            "module.compute.openstack_networking_secgroup_v2.secgroup",
            "module.network.data.openstack_networking_router_v2.cluster",
            "module.network.openstack_networking_network_v2.cluster",
            "module.network.openstack_networking_router_interface_v2.cluster",
            "module.network.openstack_networking_router_v2.cluster",
            "module.network.openstack_networking_subnet_v2.bussiness",
            "module.network.openstack_networking_subnet_v2.cluster"
          ]
        }
      ]
    },
    {
      "module": "module.compute",
      "mode": "managed",
      "type": "openstack_networking_secgroup_rule_v2",
      "name": "allow_all_ingress_udp",
      "provider": "provider[\"registry.terraform.io/terraform-provider-openstack/openstack\"]",
      "instances": [
        {
          "schema_version": 0,
          "attributes": {
            "description": "",
            "direction": "ingress",
            "ethertype": "IPv4",
            "id": "cb2299e6-834f-4bf0-b1b0-5d959744df3f",
            "port_range_max": 0,
            "port_range_min": 0,
            "protocol": "udp",
            "region": "RegionOne",
            "remote_group_id": "",
            "remote_ip_prefix": "0.0.0.0/0",
            "security_group_id": "596f2661-5bee-4637-b708-beca41b56f71",
            "tenant_id": "00cb6e1c365c44278563e45446958f73",
            "timeouts": null
          },
          "sensitive_attributes": [],
          "private": "eyJlMmJmYjczMC1lY2FhLTExZTYtOGY4OC0zNDM2M2JjN2M0YzAiOnsiZGVsZXRlIjo2MDAwMDAwMDAwMDB9fQ==",
          "dependencies": [
            "module.compute.openstack_networking_secgroup_v2.secgroup",
            "module.network.data.openstack_networking_router_v2.cluster",
            "module.network.openstack_networking_network_v2.cluster",
            "module.network.openstack_networking_router_interface_v2.cluster",
            "module.network.openstack_networking_router_v2.cluster",
            "module.network.openstack_networking_subnet_v2.bussiness",
            "module.network.openstack_networking_subnet_v2.cluster"
          ]
        }
      ]
    },
    {
      "module": "module.compute",
      "mode": "managed",
      "type": "openstack_networking_secgroup_v2",
      "name": "secgroup",
      "provider": "provider[\"registry.terraform.io/terraform-provider-openstack/openstack\"]",
      "instances": [
        {
          "schema_version": 0,
          "attributes": {
            "all_tags": [],
            "delete_default_rules": null,
            "description": "cluster default security group",
            "id": "596f2661-5bee-4637-b708-beca41b56f71",
            "name": "dsy7",
            "region": "RegionOne",
            "tags": null,
            "tenant_id": "00cb6e1c365c44278563e45446958f73",
            "timeouts": null
          },
          "sensitive_attributes": [],
          "private": "eyJlMmJmYjczMC1lY2FhLTExZTYtOGY4OC0zNDM2M2JjN2M0YzAiOnsiZGVsZXRlIjo2MDAwMDAwMDAwMDB9fQ==",
          "dependencies": [
            "module.network.data.openstack_networking_router_v2.cluster",
            "module.network.openstack_networking_network_v2.cluster",
            "module.network.openstack_networking_router_interface_v2.cluster",
            "module.network.openstack_networking_router_v2.cluster",
            "module.network.openstack_networking_subnet_v2.bussiness",
            "module.network.openstack_networking_subnet_v2.cluster"
          ]
        }
      ]
    },
    {
      "module": "module.ips",
      "mode": "managed",
      "type": "null_resource",
      "name": "dummy_dependency",
      "provider": "provider[\"registry.terraform.io/hashicorp/null\"]",
      "instances": [
        {
          "schema_version": 0,
          "attributes": {
            "id": "5832145118534849000",
            "triggers": {
              "dependency_id": " af772293-eaea-4bf8-9c5b-5dd9cc9cf56d "
            }
          },
          "sensitive_attributes": [],
          "dependencies": [
            "module.network.openstack_networking_network_v2.cluster",
            "module.network.openstack_networking_router_interface_v2.cluster",
            "module.network.openstack_networking_router_v2.cluster",
            "module.network.openstack_networking_subnet_v2.cluster"
          ]
        }
      ]
    },
    {
      "module": "module.ips",
      "mode": "managed",
      "type": "openstack_networking_floatingip_v2",
      "name": "bastion",
      "provider": "provider[\"registry.terraform.io/terraform-provider-openstack/openstack\"]",
      "instances": [
        {
          "index_key": 0,
          "schema_version": 0,
          "attributes": {
            "address": "10.220.49.106",
            "all_tags": [],
            "description": "",
            "dns_domain": "",
            "dns_name": "",
            "fixed_ip": "",
            "id": "7e009d71-69ef-445c-a0ed-7b9e6b0f963e",
            "pool": "physnet1-vlan806",
            "port_id": "",
            "region": "RegionOne",
            "subnet_id": null,
            "subnet_ids": null,
            "tags": null,
            "tenant_id": "00cb6e1c365c44278563e45446958f73",
            "timeouts": null,
            "value_specs": null
          },
          "sensitive_attributes": [],
          "private": "eyJlMmJmYjczMC1lY2FhLTExZTYtOGY4OC0zNDM2M2JjN2M0YzAiOnsiY3JlYXRlIjo2MDAwMDAwMDAwMDAsImRlbGV0ZSI6NjAwMDAwMDAwMDAwfX0=",
          "dependencies": [
            "module.ips.null_resource.dummy_dependency",
            "module.network.openstack_networking_network_v2.cluster",
            "module.network.openstack_networking_router_interface_v2.cluster",
            "module.network.openstack_networking_router_v2.cluster",
            "module.network.openstack_networking_subnet_v2.cluster"
          ]
        }
      ]
    },
    {
      "module": "module.ips",
      "mode": "managed",
      "type": "openstack_networking_floatingip_v2",
      "name": "k8s_master",
      "provider": "provider[\"registry.terraform.io/terraform-provider-openstack/openstack\"]",
      "instances": [
        {
          "index_key": 0,
          "schema_version": 0,
          "attributes": {
            "address": "10.220.49.104",
            "all_tags": [],
            "description": "",
            "dns_domain": "",
            "dns_name": "",
            "fixed_ip": "",
            "id": "3b421139-fd34-4974-ad9a-20e17bd50e17",
            "pool": "physnet1-vlan806",
            "port_id": "",
            "region": "RegionOne",
            "subnet_id": null,
            "subnet_ids": null,
            "tags": null,
            "tenant_id": "00cb6e1c365c44278563e45446958f73",
            "timeouts": null,
            "value_specs": null
          },
          "sensitive_attributes": [],
          "private": "eyJlMmJmYjczMC1lY2FhLTExZTYtOGY4OC0zNDM2M2JjN2M0YzAiOnsiY3JlYXRlIjo2MDAwMDAwMDAwMDAsImRlbGV0ZSI6NjAwMDAwMDAwMDAwfX0=",
          "dependencies": [
            "module.ips.null_resource.dummy_dependency",
            "module.network.openstack_networking_network_v2.cluster",
            "module.network.openstack_networking_router_interface_v2.cluster",
            "module.network.openstack_networking_router_v2.cluster",
            "module.network.openstack_networking_subnet_v2.cluster"
          ]
        }
      ]
    },
    {
      "module": "module.loadbalancer",
      "mode": "managed",
      "type": "openstack_lb_listener_v2",
      "name": "api_listener",
      "provider": "provider[\"registry.terraform.io/terraform-provider-openstack/openstack\"]",
      "instances": [
        {
          "index_key": 0,
          "schema_version": 0,
          "attributes": {
            "admin_state_up": true,
            "allowed_cidrs": null,
            "connection_limit": -1,
            "default_pool_id": "",
            "default_tls_container_ref": "",
            "description": "",
            "id": "d95115f8-5b3b-4e20-b705-af2d9c841ac8",
            "insert_headers": null,
            "loadbalancer_id": "922c2b65-c297-4b3b-91f4-e1bd01a0785b",
            "name": "api-listener",
            "protocol": "TCP",
            "protocol_port": 6443,
            "region": "RegionOne",
            "sni_container_refs": null,
            "tags": null,
            "tenant_id": "00cb6e1c365c44278563e45446958f73",
            "timeout_client_data": 50000,
            "timeout_member_connect": 5000,
            "timeout_member_data": 50000,
            "timeout_tcp_inspect": 0,
            "timeouts": null
          },
          "sensitive_attributes": [],
          "private": "eyJlMmJmYjczMC1lY2FhLTExZTYtOGY4OC0zNDM2M2JjN2M0YzAiOnsiY3JlYXRlIjo2MDAwMDAwMDAwMDAsImRlbGV0ZSI6NjAwMDAwMDAwMDAwLCJ1cGRhdGUiOjYwMDAwMDAwMDAwMH19",
          "dependencies": [
            "module.compute.data.cloudinit_config.cloudinit",
            "module.compute.data.openstack_images_image_v2.image_master",
            "module.compute.data.openstack_images_image_v2.vm_image",
            "module.compute.data.openstack_networking_network_v2.admin_network",
            "module.compute.data.openstack_networking_network_v2.bus_network",
            "module.compute.openstack_compute_flavor_v2.k8s_control",
            "module.compute.openstack_compute_instance_v2.k8s-master",
            "module.compute.openstack_compute_instance_v2.nodes",
            "module.compute.openstack_compute_keypair_v2.key_pair",
            "module.compute.openstack_networking_floatingip_associate_v2.master",
            "module.compute.openstack_networking_floatingip_associate_v2.nodes",
            "module.compute.openstack_networking_port_v2.admin_master_port",
            "module.compute.openstack_networking_port_v2.nodes_port",
            "module.compute.openstack_networking_secgroup_rule_v2.allow_all_egress",
            "module.compute.openstack_networking_secgroup_rule_v2.allow_all_egress_icmp",
            "module.compute.openstack_networking_secgroup_rule_v2.allow_all_egress_udp",
            "module.compute.openstack_networking_secgroup_rule_v2.allow_all_ingress",
            "module.compute.openstack_networking_secgroup_rule_v2.allow_all_ingress_icmp",
            "module.compute.openstack_networking_secgroup_rule_v2.allow_all_ingress_udp",
            "module.compute.openstack_networking_secgroup_v2.secgroup",
            "module.ips.null_resource.dummy_dependency",
            "module.ips.openstack_networking_floatingip_v2.bastion",
            "module.ips.openstack_networking_floatingip_v2.k8s_master",
            "module.ips.openstack_networking_floatingip_v2.k8s_masters",
            "module.ips.openstack_networking_floatingip_v2.k8s_node",
            "module.ips.openstack_networking_floatingip_v2.nodes",
            "module.loadbalancer.openstack_lb_loadbalancer_v2.k8s_lb",
            "module.network.data.openstack_networking_router_v2.cluster",
            "module.network.openstack_networking_network_v2.cluster",
            "module.network.openstack_networking_router_interface_v2.cluster",
            "module.network.openstack_networking_router_v2.cluster",
            "module.network.openstack_networking_subnet_v2.bussiness",
            "module.network.openstack_networking_subnet_v2.cluster"
          ]
        }
      ]
    },
    {
      "module": "module.loadbalancer",
      "mode": "managed",
      "type": "openstack_lb_loadbalancer_v2",
      "name": "k8s_lb",
      "provider": "provider[\"registry.terraform.io/terraform-provider-openstack/openstack\"]",
      "instances": [
        {
          "index_key": 0,
          "schema_version": 0,
          "attributes": {
            "admin_state_up": true,
            "availability_zone": "",
            "description": "",
            "flavor_id": "",
            "id": "922c2b65-c297-4b3b-91f4-e1bd01a0785b",
            "loadbalancer_provider": "amphora",
            "name": "dsy7-api-loadbalancer",
            "region": "RegionOne",
            "security_group_ids": [
              "51d683d7-0007-4a85-9fc2-6bbc4ba62cca"
            ],
            "tags": null,
            "tenant_id": "00cb6e1c365c44278563e45446958f73",
            "timeouts": null,
            "vip_address": "10.0.0.45",
            "vip_network_id": "6f03ab04-eb5a-4295-b940-f1bc00864a98",
            "vip_port_id": "6a2b5219-a1e5-45b8-8661-45d89db5f75d",
            "vip_subnet_id": "988a9919-4976-4217-b285-91a0f8620a10"
          },
          "sensitive_attributes": [],
          "private": "eyJlMmJmYjczMC1lY2FhLTExZTYtOGY4OC0zNDM2M2JjN2M0YzAiOnsiY3JlYXRlIjo2MDAwMDAwMDAwMDAsImRlbGV0ZSI6MzAwMDAwMDAwMDAwLCJ1cGRhdGUiOjYwMDAwMDAwMDAwMH19",
          "dependencies": [
            "module.compute.data.cloudinit_config.cloudinit",
            "module.compute.data.openstack_images_image_v2.image_master",
            "module.compute.data.openstack_images_image_v2.vm_image",
            "module.compute.data.openstack_networking_network_v2.admin_network",
            "module.compute.data.openstack_networking_network_v2.bus_network",
            "module.compute.openstack_compute_flavor_v2.k8s_control",
            "module.compute.openstack_compute_instance_v2.k8s-master",
            "module.compute.openstack_compute_instance_v2.nodes",
            "module.compute.openstack_compute_keypair_v2.key_pair",
            "module.compute.openstack_networking_floatingip_associate_v2.master",
            "module.compute.openstack_networking_floatingip_associate_v2.nodes",
            "module.compute.openstack_networking_port_v2.admin_master_port",
            "module.compute.openstack_networking_port_v2.nodes_port",
            "module.compute.openstack_networking_secgroup_rule_v2.allow_all_egress",
            "module.compute.openstack_networking_secgroup_rule_v2.allow_all_egress_icmp",
            "module.compute.openstack_networking_secgroup_rule_v2.allow_all_egress_udp",
            "module.compute.openstack_networking_secgroup_rule_v2.allow_all_ingress",
            "module.compute.openstack_networking_secgroup_rule_v2.allow_all_ingress_icmp",
            "module.compute.openstack_networking_secgroup_rule_v2.allow_all_ingress_udp",
            "module.compute.openstack_networking_secgroup_v2.secgroup",
            "module.ips.null_resource.dummy_dependency",
            "module.ips.openstack_networking_floatingip_v2.bastion",
            "module.ips.openstack_networking_floatingip_v2.k8s_master",
            "module.ips.openstack_networking_floatingip_v2.k8s_masters",
            "module.ips.openstack_networking_floatingip_v2.k8s_node",
            "module.ips.openstack_networking_floatingip_v2.nodes",
            "module.network.data.openstack_networking_router_v2.cluster",
            "module.network.openstack_networking_network_v2.cluster",
            "module.network.openstack_networking_router_interface_v2.cluster",
            "module.network.openstack_networking_router_v2.cluster",
            "module.network.openstack_networking_subnet_v2.bussiness",
            "module.network.openstack_networking_subnet_v2.cluster"
          ]
        }
      ]
    },
    {
      "module": "module.loadbalancer",
      "mode": "managed",
      "type": "openstack_lb_member_v2",
      "name": "lb_member",
      "provider": "provider[\"registry.terraform.io/terraform-provider-openstack/openstack\"]",
      "instances": [
        {
          "index_key": 0,
          "schema_version": 0,
          "attributes": {
            "address": "10.0.0.237",
            "admin_state_up": true,
            "backup": false,
            "id": "aa824c0b-da46-4bf0-ba3a-ee8f6b4e54f8",
            "monitor_address": "",
            "monitor_port": 0,
            "name": "dsy7-k8s-master-1",
            "pool_id": "fcd91675-5e94-40b4-be17-0075d6231194",
            "protocol_port": 6443,
            "region": "RegionOne",
            "subnet_id": "",
            "tenant_id": "00cb6e1c365c44278563e45446958f73",
            "timeouts": null,
            "weight": 1
          },
          "sensitive_attributes": [],
          "private": "eyJlMmJmYjczMC1lY2FhLTExZTYtOGY4OC0zNDM2M2JjN2M0YzAiOnsiY3JlYXRlIjo2MDAwMDAwMDAwMDAsImRlbGV0ZSI6NjAwMDAwMDAwMDAwLCJ1cGRhdGUiOjYwMDAwMDAwMDAwMH19",
          "dependencies": [
            "module.compute.data.cloudinit_config.cloudinit",
            "module.compute.data.openstack_images_image_v2.image_master",
            "module.compute.data.openstack_images_image_v2.vm_image",
            "module.compute.data.openstack_networking_network_v2.admin_network",
            "module.compute.data.openstack_networking_network_v2.bus_network",
            "module.compute.openstack_compute_flavor_v2.k8s_control",
            "module.compute.openstack_compute_instance_v2.k8s-master",
            "module.compute.openstack_compute_instance_v2.nodes",
            "module.compute.openstack_compute_keypair_v2.key_pair",
            "module.compute.openstack_networking_floatingip_associate_v2.master",
            "module.compute.openstack_networking_floatingip_associate_v2.nodes",
            "module.compute.openstack_networking_port_v2.admin_master_port",
            "module.compute.openstack_networking_port_v2.nodes_port",
            "module.compute.openstack_networking_secgroup_rule_v2.allow_all_egress",
            "module.compute.openstack_networking_secgroup_rule_v2.allow_all_egress_icmp",
            "module.compute.openstack_networking_secgroup_rule_v2.allow_all_egress_udp",
            "module.compute.openstack_networking_secgroup_rule_v2.allow_all_ingress",
            "module.compute.openstack_networking_secgroup_rule_v2.allow_all_ingress_icmp",
            "module.compute.openstack_networking_secgroup_rule_v2.allow_all_ingress_udp",
            "module.compute.openstack_networking_secgroup_v2.secgroup",
            "module.ips.null_resource.dummy_dependency",
            "module.ips.openstack_networking_floatingip_v2.bastion",
            "module.ips.openstack_networking_floatingip_v2.k8s_master",
            "module.ips.openstack_networking_floatingip_v2.k8s_masters",
            "module.ips.openstack_networking_floatingip_v2.k8s_node",
            "module.ips.openstack_networking_floatingip_v2.nodes",
            "module.loadbalancer.openstack_lb_listener_v2.api_listener",
            "module.loadbalancer.openstack_lb_loadbalancer_v2.k8s_lb",
            "module.loadbalancer.openstack_lb_pool_v2.api_pool",
            "module.network.data.openstack_networking_router_v2.cluster",
            "module.network.openstack_networking_network_v2.cluster",
            "module.network.openstack_networking_router_interface_v2.cluster",
            "module.network.openstack_networking_router_v2.cluster",
            "module.network.openstack_networking_subnet_v2.bussiness",
            "module.network.openstack_networking_subnet_v2.cluster"
          ]
        }
      ]
    },
    {
      "module": "module.loadbalancer",
      "mode": "managed",
      "type": "openstack_lb_monitor_v2",
      "name": "monitor",
      "provider": "provider[\"registry.terraform.io/terraform-provider-openstack/openstack\"]",
      "instances": [
        {
          "index_key": 0,
          "schema_version": 0,
          "attributes": {
            "admin_state_up": true,
            "delay": 10,
            "expected_codes": "",
            "http_method": "",
            "id": "6348ffd7-743e-4cd9-984b-451ff08a0f84",
            "max_retries": 5,
            "max_retries_down": 3,
            "name": "Api Monitor",
            "pool_id": "fcd91675-5e94-40b4-be17-0075d6231194",
            "region": "RegionOne",
            "tenant_id": "00cb6e1c365c44278563e45446958f73",
            "timeout": 5,
            "timeouts": null,
            "type": "TCP",
            "url_path": ""
          },
          "sensitive_attributes": [],
          "private": "eyJlMmJmYjczMC1lY2FhLTExZTYtOGY4OC0zNDM2M2JjN2M0YzAiOnsiY3JlYXRlIjo2MDAwMDAwMDAwMDAsImRlbGV0ZSI6NjAwMDAwMDAwMDAwLCJ1cGRhdGUiOjYwMDAwMDAwMDAwMH19",
          "dependencies": [
            "module.compute.data.cloudinit_config.cloudinit",
            "module.compute.data.openstack_images_image_v2.image_master",
            "module.compute.data.openstack_images_image_v2.vm_image",
            "module.compute.data.openstack_networking_network_v2.admin_network",
            "module.compute.data.openstack_networking_network_v2.bus_network",
            "module.compute.openstack_compute_flavor_v2.k8s_control",
            "module.compute.openstack_compute_instance_v2.k8s-master",
            "module.compute.openstack_compute_instance_v2.nodes",
            "module.compute.openstack_compute_keypair_v2.key_pair",
            "module.compute.openstack_networking_floatingip_associate_v2.master",
            "module.compute.openstack_networking_floatingip_associate_v2.nodes",
            "module.compute.openstack_networking_port_v2.admin_master_port",
            "module.compute.openstack_networking_port_v2.nodes_port",
            "module.compute.openstack_networking_secgroup_rule_v2.allow_all_egress",
            "module.compute.openstack_networking_secgroup_rule_v2.allow_all_egress_icmp",
            "module.compute.openstack_networking_secgroup_rule_v2.allow_all_egress_udp",
            "module.compute.openstack_networking_secgroup_rule_v2.allow_all_ingress",
            "module.compute.openstack_networking_secgroup_rule_v2.allow_all_ingress_icmp",
            "module.compute.openstack_networking_secgroup_rule_v2.allow_all_ingress_udp",
            "module.compute.openstack_networking_secgroup_v2.secgroup",
            "module.ips.null_resource.dummy_dependency",
            "module.ips.openstack_networking_floatingip_v2.bastion",
            "module.ips.openstack_networking_floatingip_v2.k8s_master",
            "module.ips.openstack_networking_floatingip_v2.k8s_masters",
            "module.ips.openstack_networking_floatingip_v2.k8s_node",
            "module.ips.openstack_networking_floatingip_v2.nodes",
            "module.loadbalancer.openstack_lb_listener_v2.api_listener",
            "module.loadbalancer.openstack_lb_loadbalancer_v2.k8s_lb",
            "module.loadbalancer.openstack_lb_pool_v2.api_pool",
            "module.network.data.openstack_networking_router_v2.cluster",
            "module.network.openstack_networking_network_v2.cluster",
            "module.network.openstack_networking_router_interface_v2.cluster",
            "module.network.openstack_networking_router_v2.cluster",
            "module.network.openstack_networking_subnet_v2.bussiness",
            "module.network.openstack_networking_subnet_v2.cluster"
          ]
        }
      ]
    },
    {
      "module": "module.loadbalancer",
      "mode": "managed",
      "type": "openstack_lb_pool_v2",
      "name": "api_pool",
      "provider": "provider[\"registry.terraform.io/terraform-provider-openstack/openstack\"]",
      "instances": [
        {
          "index_key": 0,
          "schema_version": 0,
          "attributes": {
            "admin_state_up": true,
            "description": "",
            "id": "fcd91675-5e94-40b4-be17-0075d6231194",
            "lb_method": "ROUND_ROBIN",
            "listener_id": "d95115f8-5b3b-4e20-b705-af2d9c841ac8",
            "loadbalancer_id": null,
            "name": "api-pool",
            "persistence": [
              {
                "cookie_name": "",
                "type": ""
              }
            ],
            "protocol": "TCP",
            "region": "RegionOne",
            "tenant_id": "00cb6e1c365c44278563e45446958f73",
            "timeouts": null
          },
          "sensitive_attributes": [],
          "private": "eyJlMmJmYjczMC1lY2FhLTExZTYtOGY4OC0zNDM2M2JjN2M0YzAiOnsiY3JlYXRlIjo2MDAwMDAwMDAwMDAsImRlbGV0ZSI6NjAwMDAwMDAwMDAwLCJ1cGRhdGUiOjYwMDAwMDAwMDAwMH19",
          "dependencies": [
            "module.compute.data.cloudinit_config.cloudinit",
            "module.compute.data.openstack_images_image_v2.image_master",
            "module.compute.data.openstack_images_image_v2.vm_image",
            "module.compute.data.openstack_networking_network_v2.admin_network",
            "module.compute.data.openstack_networking_network_v2.bus_network",
            "module.compute.openstack_compute_flavor_v2.k8s_control",
            "module.compute.openstack_compute_instance_v2.k8s-master",
            "module.compute.openstack_compute_instance_v2.nodes",
            "module.compute.openstack_compute_keypair_v2.key_pair",
            "module.compute.openstack_networking_floatingip_associate_v2.master",
            "module.compute.openstack_networking_floatingip_associate_v2.nodes",
            "module.compute.openstack_networking_port_v2.admin_master_port",
            "module.compute.openstack_networking_port_v2.nodes_port",
            "module.compute.openstack_networking_secgroup_rule_v2.allow_all_egress",
            "module.compute.openstack_networking_secgroup_rule_v2.allow_all_egress_icmp",
            "module.compute.openstack_networking_secgroup_rule_v2.allow_all_egress_udp",
            "module.compute.openstack_networking_secgroup_rule_v2.allow_all_ingress",
            "module.compute.openstack_networking_secgroup_rule_v2.allow_all_ingress_icmp",
            "module.compute.openstack_networking_secgroup_rule_v2.allow_all_ingress_udp",
            "module.compute.openstack_networking_secgroup_v2.secgroup",
            "module.ips.null_resource.dummy_dependency",
            "module.ips.openstack_networking_floatingip_v2.bastion",
            "module.ips.openstack_networking_floatingip_v2.k8s_master",
            "module.ips.openstack_networking_floatingip_v2.k8s_masters",
            "module.ips.openstack_networking_floatingip_v2.k8s_node",
            "module.ips.openstack_networking_floatingip_v2.nodes",
            "module.loadbalancer.openstack_lb_listener_v2.api_listener",
            "module.loadbalancer.openstack_lb_loadbalancer_v2.k8s_lb",
            "module.network.data.openstack_networking_router_v2.cluster",
            "module.network.openstack_networking_network_v2.cluster",
            "module.network.openstack_networking_router_interface_v2.cluster",
            "module.network.openstack_networking_router_v2.cluster",
            "module.network.openstack_networking_subnet_v2.bussiness",
            "module.network.openstack_networking_subnet_v2.cluster"
          ]
        }
      ]
    },
    {
      "module": "module.loadbalancer",
      "mode": "managed",
      "type": "openstack_networking_floatingip_associate_v2",
      "name": "public_ip",
      "provider": "provider[\"registry.terraform.io/terraform-provider-openstack/openstack\"]",
      "instances": [
        {
          "index_key": 0,
          "schema_version": 0,
          "attributes": {
            "fixed_ip": "10.0.0.45",
            "floating_ip": "10.220.49.120",
            "id": "6a0f36ab-9e6b-45c9-9967-c2a78def3be6",
            "port_id": "6a2b5219-a1e5-45b8-8661-45d89db5f75d",
            "region": "RegionOne"
          },
          "sensitive_attributes": [],
          "private": "bnVsbA==",
          "dependencies": [
            "module.compute.data.cloudinit_config.cloudinit",
            "module.compute.data.openstack_images_image_v2.image_master",
            "module.compute.data.openstack_images_image_v2.vm_image",
            "module.compute.data.openstack_networking_network_v2.admin_network",
            "module.compute.data.openstack_networking_network_v2.bus_network",
            "module.compute.openstack_compute_flavor_v2.k8s_control",
            "module.compute.openstack_compute_instance_v2.k8s-master",
            "module.compute.openstack_compute_instance_v2.nodes",
            "module.compute.openstack_compute_keypair_v2.key_pair",
            "module.compute.openstack_networking_floatingip_associate_v2.master",
            "module.compute.openstack_networking_floatingip_associate_v2.nodes",
            "module.compute.openstack_networking_port_v2.admin_master_port",
            "module.compute.openstack_networking_port_v2.nodes_port",
            "module.compute.openstack_networking_secgroup_rule_v2.allow_all_egress",
            "module.compute.openstack_networking_secgroup_rule_v2.allow_all_egress_icmp",
            "module.compute.openstack_networking_secgroup_rule_v2.allow_all_egress_udp",
            "module.compute.openstack_networking_secgroup_rule_v2.allow_all_ingress",
            "module.compute.openstack_networking_secgroup_rule_v2.allow_all_ingress_icmp",
            "module.compute.openstack_networking_secgroup_rule_v2.allow_all_ingress_udp",
            "module.compute.openstack_networking_secgroup_v2.secgroup",
            "module.ips.null_resource.dummy_dependency",
            "module.ips.openstack_networking_floatingip_v2.bastion",
            "module.ips.openstack_networking_floatingip_v2.k8s_master",
            "module.ips.openstack_networking_floatingip_v2.k8s_masters",
            "module.ips.openstack_networking_floatingip_v2.k8s_node",
            "module.ips.openstack_networking_floatingip_v2.nodes",
            "module.loadbalancer.openstack_lb_loadbalancer_v2.k8s_lb",
            "module.loadbalancer.openstack_networking_floatingip_v2.floatip_1",
            "module.network.data.openstack_networking_router_v2.cluster",
            "module.network.openstack_networking_network_v2.cluster",
            "module.network.openstack_networking_router_interface_v2.cluster",
            "module.network.openstack_networking_router_v2.cluster",
            "module.network.openstack_networking_subnet_v2.bussiness",
            "module.network.openstack_networking_subnet_v2.cluster"
          ]
        }
      ]
    },
    {
      "module": "module.loadbalancer",
      "mode": "managed",
      "type": "openstack_networking_floatingip_v2",
      "name": "floatip_1",
      "provider": "provider[\"registry.terraform.io/terraform-provider-openstack/openstack\"]",
      "instances": [
        {
          "index_key": 0,
          "schema_version": 0,
          "attributes": {
            "address": "10.220.49.120",
            "all_tags": [],
            "description": "",
            "dns_domain": "",
            "dns_name": "",
            "fixed_ip": "",
            "id": "6a0f36ab-9e6b-45c9-9967-c2a78def3be6",
            "pool": "physnet1-vlan806",
            "port_id": "",
            "region": "RegionOne",
            "subnet_id": null,
            "subnet_ids": null,
            "tags": null,
            "tenant_id": "00cb6e1c365c44278563e45446958f73",
            "timeouts": null,
            "value_specs": null
          },
          "sensitive_attributes": [],
          "private": "eyJlMmJmYjczMC1lY2FhLTExZTYtOGY4OC0zNDM2M2JjN2M0YzAiOnsiY3JlYXRlIjo2MDAwMDAwMDAwMDAsImRlbGV0ZSI6NjAwMDAwMDAwMDAwfX0=",
          "dependencies": [
            "module.compute.data.cloudinit_config.cloudinit",
            "module.compute.data.openstack_images_image_v2.image_master",
            "module.compute.data.openstack_images_image_v2.vm_image",
            "module.compute.data.openstack_networking_network_v2.admin_network",
            "module.compute.data.openstack_networking_network_v2.bus_network",
            "module.compute.openstack_compute_flavor_v2.k8s_control",
            "module.compute.openstack_compute_instance_v2.k8s-master",
            "module.compute.openstack_compute_instance_v2.nodes",
            "module.compute.openstack_compute_keypair_v2.key_pair",
            "module.compute.openstack_networking_floatingip_associate_v2.master",
            "module.compute.openstack_networking_floatingip_associate_v2.nodes",
            "module.compute.openstack_networking_port_v2.admin_master_port",
            "module.compute.openstack_networking_port_v2.nodes_port",
            "module.compute.openstack_networking_secgroup_rule_v2.allow_all_egress",
            "module.compute.openstack_networking_secgroup_rule_v2.allow_all_egress_icmp",
            "module.compute.openstack_networking_secgroup_rule_v2.allow_all_egress_udp",
            "module.compute.openstack_networking_secgroup_rule_v2.allow_all_ingress",
            "module.compute.openstack_networking_secgroup_rule_v2.allow_all_ingress_icmp",
            "module.compute.openstack_networking_secgroup_rule_v2.allow_all_ingress_udp",
            "module.compute.openstack_networking_secgroup_v2.secgroup",
            "module.ips.null_resource.dummy_dependency",
            "module.ips.openstack_networking_floatingip_v2.bastion",
            "module.ips.openstack_networking_floatingip_v2.k8s_master",
            "module.ips.openstack_networking_floatingip_v2.k8s_masters",
            "module.ips.openstack_networking_floatingip_v2.k8s_node",
            "module.ips.openstack_networking_floatingip_v2.nodes",
            "module.network.data.openstack_networking_router_v2.cluster",
            "module.network.openstack_networking_network_v2.cluster",
            "module.network.openstack_networking_router_interface_v2.cluster",
            "module.network.openstack_networking_router_v2.cluster",
            "module.network.openstack_networking_subnet_v2.bussiness",
            "module.network.openstack_networking_subnet_v2.cluster"
          ]
        }
      ]
    },
    {
      "module": "module.network",
      "mode": "managed",
      "type": "openstack_networking_network_v2",
      "name": "cluster",
      "provider": "provider[\"registry.terraform.io/terraform-provider-openstack/openstack\"]",
      "instances": [
        {
          "index_key": 0,
          "schema_version": 0,
          "attributes": {
            "admin_state_up": true,
            "all_tags": [],
            "availability_zone_hints": [],
            "description": "",
            "dns_domain": "",
            "external": false,
            "id": "6f03ab04-eb5a-4295-b940-f1bc00864a98",
            "mtu": 1450,
            "name": "dsy7",
            "port_security_enabled": true,
            "qos_policy_id": "",
            "region": "RegionOne",
            "segments": [
              {
                "network_type": "vxlan",
                "physical_network": "",
                "segmentation_id": 872
              }
            ],
            "shared": false,
            "tags": null,
            "tenant_id": "00cb6e1c365c44278563e45446958f73",
            "timeouts": null,
            "transparent_vlan": false,
            "value_specs": null
          },
          "sensitive_attributes": [],
          "private": "eyJlMmJmYjczMC1lY2FhLTExZTYtOGY4OC0zNDM2M2JjN2M0YzAiOnsiY3JlYXRlIjo2MDAwMDAwMDAwMDAsImRlbGV0ZSI6NjAwMDAwMDAwMDAwfX0="
        }
      ]
    },
    {
      "module": "module.network",
      "mode": "managed",
      "type": "openstack_networking_router_interface_v2",
      "name": "cluster",
      "provider": "provider[\"registry.terraform.io/terraform-provider-openstack/openstack\"]",
      "instances": [
        {
          "index_key": 0,
          "schema_version": 0,
          "attributes": {
            "force_destroy": false,
            "id": "4df32a9c-b4ad-43d6-b1e8-c935d040b9e7",
            "port_id": "4df32a9c-b4ad-43d6-b1e8-c935d040b9e7",
            "region": "RegionOne",
            "router_id": "af772293-eaea-4bf8-9c5b-5dd9cc9cf56d",
            "subnet_id": "988a9919-4976-4217-b285-91a0f8620a10",
            "timeouts": null
          },
          "sensitive_attributes": [],
          "private": "eyJlMmJmYjczMC1lY2FhLTExZTYtOGY4OC0zNDM2M2JjN2M0YzAiOnsiY3JlYXRlIjo2MDAwMDAwMDAwMDAsImRlbGV0ZSI6NjAwMDAwMDAwMDAwfX0=",
          "dependencies": [
            "module.network.openstack_networking_network_v2.cluster",
            "module.network.openstack_networking_router_v2.cluster",
            "module.network.openstack_networking_subnet_v2.cluster"
          ]
        }
      ]
    },
    {
      "module": "module.network",
      "mode": "managed",
      "type": "openstack_networking_router_v2",
      "name": "cluster",
      "provider": "provider[\"registry.terraform.io/terraform-provider-openstack/openstack\"]",
      "instances": [
        {
          "index_key": 0,
          "schema_version": 0,
          "attributes": {
            "admin_state_up": true,
            "all_tags": [],
            "availability_zone_hints": [],
            "description": "",
            "distributed": true,
            "enable_snat": true,
            "external_fixed_ip": [
              {
                "ip_address": "10.220.49.109",
                "subnet_id": "a369dc6e-72e6-4b0f-bb14-3140db8b7a7c"
              }
            ],
            "external_gateway": "d3e17b8a-80d3-4375-9148-615a50240005",
            "external_network_id": "d3e17b8a-80d3-4375-9148-615a50240005",
            "external_subnet_ids": null,
            "id": "af772293-eaea-4bf8-9c5b-5dd9cc9cf56d",
            "name": "dsy7-router",
            "region": "RegionOne",
            "tags": null,
            "tenant_id": "00cb6e1c365c44278563e45446958f73",
            "timeouts": null,
            "value_specs": null,
            "vendor_options": []
          },
          "sensitive_attributes": [],
          "private": "eyJlMmJmYjczMC1lY2FhLTExZTYtOGY4OC0zNDM2M2JjN2M0YzAiOnsiY3JlYXRlIjo2MDAwMDAwMDAwMDAsImRlbGV0ZSI6NjAwMDAwMDAwMDAwfX0="
        }
      ]
    },
    {
      "module": "module.network",
      "mode": "managed",
      "type": "openstack_networking_subnet_v2",
      "name": "cluster",
      "provider": "provider[\"registry.terraform.io/terraform-provider-openstack/openstack\"]",
      "instances": [
        {
          "index_key": 0,
          "schema_version": 0,
          "attributes": {
            "all_tags": [],
            "allocation_pool": [
              {
                "end": "10.0.0.254",
                "start": "10.0.0.2"
              }
            ],
            "allocation_pools": [
              {
                "end": "10.0.0.254",
                "start": "10.0.0.2"
              }
            ],
            "cidr": "10.0.0.0/24",
            "description": "",
            "dns_nameservers": [],
            "enable_dhcp": true,
            "gateway_ip": "10.0.0.1",
            "host_routes": [],
            "id": "988a9919-4976-4217-b285-91a0f8620a10",
            "ip_version": 4,
            "ipv6_address_mode": "",
            "ipv6_ra_mode": "",
            "name": "dsy7-internal-network",
            "network_id": "6f03ab04-eb5a-4295-b940-f1bc00864a98",
            "no_gateway": false,
            "prefix_length": null,
            "region": "RegionOne",
            "service_types": [],
            "subnetpool_id": "",
            "tags": null,
            "tenant_id": "00cb6e1c365c44278563e45446958f73",
            "timeouts": null,
            "value_specs": null
          },
          "sensitive_attributes": [],
          "private": "eyJlMmJmYjczMC1lY2FhLTExZTYtOGY4OC0zNDM2M2JjN2M0YzAiOnsiY3JlYXRlIjo2MDAwMDAwMDAwMDAsImRlbGV0ZSI6NjAwMDAwMDAwMDAwfX0=",
          "dependencies": [
            "module.network.openstack_networking_network_v2.cluster"
          ]
        }
      ]
    }
  ],
  "check_results": null
}
